
Microsoft Visual Studio Solution File, Format Version 11.00
# Visual Studio 2010
Project("{FAE04EC0-301F-11D3-BF4B-00C04F79EFBC}") = "Assembly-CSharp", "Assembly-CSharp.csproj", "{923657cc-bab3-c4c9-aab7-d90413f0cd17}"
EndProject
Project("{FAE04EC0-301F-11D3-BF4B-00C04F79EFBC}") = "Assembly-CSharp-firstpass", "Assembly-CSharp-firstpass.csproj", "{002e5390-3373-2065-3a8e-bbd350e773de}"
EndProject
Global
	GlobalSection(SolutionConfigurationPlatforms) = preSolution
		Debug|Any CPU = Debug|Any CPU
	EndGlobalSection
	GlobalSection(ProjectConfigurationPlatforms) = postSolution
		{923657cc-bab3-c4c9-aab7-d90413f0cd17}.Debug|Any CPU.ActiveCfg = Debug|Any CPU
		{923657cc-bab3-c4c9-aab7-d90413f0cd17}.Debug|Any CPU.Build.0 = Debug|Any CPU
		{002e5390-3373-2065-3a8e-bbd350e773de}.Debug|Any CPU.ActiveCfg = Debug|Any CPU
		{002e5390-3373-2065-3a8e-bbd350e773de}.Debug|Any CPU.Build.0 = Debug|Any CPU
	EndGlobalSection
	GlobalSection(SolutionProperties) = preSolution
		HideSolutionNode = FALSE
	EndGlobalSection
EndGlobal
